// !$*UTF8*$!
{
	archiveVersion = 1;
	classes = {
	};
	objectVersion = 56;
	objects = {

/* Begin PBXBuildFile section */
		244E8C6B2C36B89400812262 /* Profile_Setup_View.swift in Sources */ = {isa = PBXBuildFile; fileRef = 244E8C682C36B89400812262 /* Profile_Setup_View.swift */; };
		244E8C6C2C36B89400812262 /* ImagePicker.swift in Sources */ = {isa = PBXBuildFile; fileRef = 244E8C692C36B89400812262 /* ImagePicker.swift */; };
		244E8C6D2C36B89400812262 /* OtpScreen.swift in Sources */ = {isa = PBXBuildFile; fileRef = 244E8C6A2C36B89400812262 /* OtpScreen.swift */; };
		249FD5BB2C37EC4D008CC7F9 /* RecordsView.swift in Sources */ = {isa = PBXBuildFile; fileRef = 249FD5BA2C37EC4D008CC7F9 /* RecordsView.swift */; };
		24A780FA2C3F9B9C00C8F3B1 /* PrescriptionsView.swift in Sources */ = {isa = PBXBuildFile; fileRef = 24A780F92C3F9B9C00C8F3B1 /* PrescriptionsView.swift */; };
		24A780FC2C3FA8B000C8F3B1 /* PrescriptionDetailView.swift in Sources */ = {isa = PBXBuildFile; fileRef = 24A780FB2C3FA8B000C8F3B1 /* PrescriptionDetailView.swift */; };
		62530F662C33E6DF001B496B /* HMSPatientApp.swift in Sources */ = {isa = PBXBuildFile; fileRef = 62530F652C33E6DF001B496B /* HMSPatientApp.swift */; };
		62530F682C33E6DF001B496B /* Authentication.swift in Sources */ = {isa = PBXBuildFile; fileRef = 62530F672C33E6DF001B496B /* Authentication.swift */; };
		62530F6A2C33E6E2001B496B /* Assets.xcassets in Resources */ = {isa = PBXBuildFile; fileRef = 62530F692C33E6E2001B496B /* Assets.xcassets */; };
		62530F6D2C33E6E2001B496B /* Preview Assets.xcassets in Resources */ = {isa = PBXBuildFile; fileRef = 62530F6C2C33E6E2001B496B /* Preview Assets.xcassets */; };
		802E5B232C40034E0039A184 /* PatientProfile.swift in Sources */ = {isa = PBXBuildFile; fileRef = 802E5B222C40034E0039A184 /* PatientProfile.swift */; };
		81ACDCAF2C3FA7400097CAB6 /* BookAppointment.swift in Sources */ = {isa = PBXBuildFile; fileRef = 81ACDCA72C3FA7400097CAB6 /* BookAppointment.swift */; };
		81ACDCB02C3FA7400097CAB6 /* CalendarView.swift in Sources */ = {isa = PBXBuildFile; fileRef = 81ACDCA82C3FA7400097CAB6 /* CalendarView.swift */; };
		81ACDCB12C3FA7400097CAB6 /* DoctorPickerView.swift in Sources */ = {isa = PBXBuildFile; fileRef = 81ACDCA92C3FA7400097CAB6 /* DoctorPickerView.swift */; };
		81ACDCB22C3FA7400097CAB6 /* Summary.swift in Sources */ = {isa = PBXBuildFile; fileRef = 81ACDCAA2C3FA7400097CAB6 /* Summary.swift */; };
		81ACDCB32C3FA7400097CAB6 /* Blur.swift in Sources */ = {isa = PBXBuildFile; fileRef = 81ACDCAC2C3FA7400097CAB6 /* Blur.swift */; };
		81ACDCB42C3FA7400097CAB6 /* Extensions.swift in Sources */ = {isa = PBXBuildFile; fileRef = 81ACDCAD2C3FA7400097CAB6 /* Extensions.swift */; };
		E94E68C92C37F37800ED9F1C /* Authentication_Logic.swift in Sources */ = {isa = PBXBuildFile; fileRef = E94E68C82C37F37800ED9F1C /* Authentication_Logic.swift */; };
		E94E68CB2C37F42500ED9F1C /* GoogleService-Info.plist in Resources */ = {isa = PBXBuildFile; fileRef = E94E68CA2C37F42500ED9F1C /* GoogleService-Info.plist */; };
		E94E68CE2C37F4CA00ED9F1C /* FirebaseAuth in Frameworks */ = {isa = PBXBuildFile; productRef = E94E68CD2C37F4CA00ED9F1C /* FirebaseAuth */; };
		E94E68D02C37F4CA00ED9F1C /* FirebaseDatabase in Frameworks */ = {isa = PBXBuildFile; productRef = E94E68CF2C37F4CA00ED9F1C /* FirebaseDatabase */; };
		E94E68D22C37F4CA00ED9F1C /* FirebaseDatabaseSwift in Frameworks */ = {isa = PBXBuildFile; productRef = E94E68D12C37F4CA00ED9F1C /* FirebaseDatabaseSwift */; };
		E94E68D42C37F4CA00ED9F1C /* FirebaseStorage in Frameworks */ = {isa = PBXBuildFile; productRef = E94E68D32C37F4CA00ED9F1C /* FirebaseStorage */; };
		E94E68D62C37F55A00ED9F1C /* AppDelegate.swift in Sources */ = {isa = PBXBuildFile; fileRef = E94E68D52C37F55A00ED9F1C /* AppDelegate.swift */; };
		E9EB70DA2C3DBC440086F6E5 /* Data Model.swift in Sources */ = {isa = PBXBuildFile; fileRef = E9EB70D92C3DBC440086F6E5 /* Data Model.swift */; };
		E9EB70DC2C3DBCB40086F6E5 /* DataController.swift in Sources */ = {isa = PBXBuildFile; fileRef = E9EB70DB2C3DBCB40086F6E5 /* DataController.swift */; };
		E9EB70E62C3DC69C0086F6E5 /* LocationManager.swift in Sources */ = {isa = PBXBuildFile; fileRef = E9EB70E52C3DC69C0086F6E5 /* LocationManager.swift */; };
		E9EB71012C3E918A0086F6E5 /* FileType.swift in Sources */ = {isa = PBXBuildFile; fileRef = E9EB71002C3E918A0086F6E5 /* FileType.swift */; };
		E9EB71032C3E91F00086F6E5 /* DocumentView.swift in Sources */ = {isa = PBXBuildFile; fileRef = E9EB71022C3E91F00086F6E5 /* DocumentView.swift */; };
		E9EB71062C3E93CC0086F6E5 /* Zip in Frameworks */ = {isa = PBXBuildFile; productRef = E9EB71052C3E93CC0086F6E5 /* Zip */; };
		EA95BFFE2C371FB100582FDC /* HomeScreen.swift in Sources */ = {isa = PBXBuildFile; fileRef = EA95BFFD2C371FB100582FDC /* HomeScreen.swift */; };
/* End PBXBuildFile section */

/* Begin PBXFileReference section */
		244E8C682C36B89400812262 /* Profile_Setup_View.swift */ = {isa = PBXFileReference; fileEncoding = 4; lastKnownFileType = sourcecode.swift; path = Profile_Setup_View.swift; sourceTree = "<group>"; };
		244E8C692C36B89400812262 /* ImagePicker.swift */ = {isa = PBXFileReference; fileEncoding = 4; lastKnownFileType = sourcecode.swift; path = ImagePicker.swift; sourceTree = "<group>"; };
		244E8C6A2C36B89400812262 /* OtpScreen.swift */ = {isa = PBXFileReference; fileEncoding = 4; lastKnownFileType = sourcecode.swift; path = OtpScreen.swift; sourceTree = "<group>"; };
		249FD5BA2C37EC4D008CC7F9 /* RecordsView.swift */ = {isa = PBXFileReference; lastKnownFileType = sourcecode.swift; path = RecordsView.swift; sourceTree = "<group>"; };
		24A780F92C3F9B9C00C8F3B1 /* PrescriptionsView.swift */ = {isa = PBXFileReference; lastKnownFileType = sourcecode.swift; path = PrescriptionsView.swift; sourceTree = "<group>"; };
		24A780FB2C3FA8B000C8F3B1 /* PrescriptionDetailView.swift */ = {isa = PBXFileReference; lastKnownFileType = sourcecode.swift; path = PrescriptionDetailView.swift; sourceTree = "<group>"; };
		62530F622C33E6DF001B496B /* HMSPatient.app */ = {isa = PBXFileReference; explicitFileType = wrapper.application; includeInIndex = 0; path = HMSPatient.app; sourceTree = BUILT_PRODUCTS_DIR; };
		62530F652C33E6DF001B496B /* HMSPatientApp.swift */ = {isa = PBXFileReference; lastKnownFileType = sourcecode.swift; path = HMSPatientApp.swift; sourceTree = "<group>"; };
		62530F672C33E6DF001B496B /* Authentication.swift */ = {isa = PBXFileReference; lastKnownFileType = sourcecode.swift; path = Authentication.swift; sourceTree = "<group>"; };
		62530F692C33E6E2001B496B /* Assets.xcassets */ = {isa = PBXFileReference; lastKnownFileType = folder.assetcatalog; path = Assets.xcassets; sourceTree = "<group>"; };
		62530F6C2C33E6E2001B496B /* Preview Assets.xcassets */ = {isa = PBXFileReference; lastKnownFileType = folder.assetcatalog; path = "Preview Assets.xcassets"; sourceTree = "<group>"; };
		802E5B222C40034E0039A184 /* PatientProfile.swift */ = {isa = PBXFileReference; lastKnownFileType = sourcecode.swift; path = PatientProfile.swift; sourceTree = "<group>"; };
		81ACDCA72C3FA7400097CAB6 /* BookAppointment.swift */ = {isa = PBXFileReference; fileEncoding = 4; lastKnownFileType = sourcecode.swift; path = BookAppointment.swift; sourceTree = "<group>"; };
		81ACDCA82C3FA7400097CAB6 /* CalendarView.swift */ = {isa = PBXFileReference; fileEncoding = 4; lastKnownFileType = sourcecode.swift; path = CalendarView.swift; sourceTree = "<group>"; };
		81ACDCA92C3FA7400097CAB6 /* DoctorPickerView.swift */ = {isa = PBXFileReference; fileEncoding = 4; lastKnownFileType = sourcecode.swift; path = DoctorPickerView.swift; sourceTree = "<group>"; };
		81ACDCAA2C3FA7400097CAB6 /* Summary.swift */ = {isa = PBXFileReference; fileEncoding = 4; lastKnownFileType = sourcecode.swift; path = Summary.swift; sourceTree = "<group>"; };
		81ACDCAC2C3FA7400097CAB6 /* Blur.swift */ = {isa = PBXFileReference; fileEncoding = 4; lastKnownFileType = sourcecode.swift; path = Blur.swift; sourceTree = "<group>"; };
		81ACDCAD2C3FA7400097CAB6 /* Extensions.swift */ = {isa = PBXFileReference; fileEncoding = 4; lastKnownFileType = sourcecode.swift; path = Extensions.swift; sourceTree = "<group>"; };
		E94E68C82C37F37800ED9F1C /* Authentication_Logic.swift */ = {isa = PBXFileReference; lastKnownFileType = sourcecode.swift; path = Authentication_Logic.swift; sourceTree = "<group>"; };
		E94E68CA2C37F42500ED9F1C /* GoogleService-Info.plist */ = {isa = PBXFileReference; lastKnownFileType = text.plist.xml; path = "GoogleService-Info.plist"; sourceTree = "<group>"; };
		E94E68D52C37F55A00ED9F1C /* AppDelegate.swift */ = {isa = PBXFileReference; lastKnownFileType = sourcecode.swift; path = AppDelegate.swift; sourceTree = "<group>"; };
		E94E68D72C37F5DC00ED9F1C /* Info.plist */ = {isa = PBXFileReference; lastKnownFileType = text.plist; path = Info.plist; sourceTree = "<group>"; };
		E9EB70D92C3DBC440086F6E5 /* Data Model.swift */ = {isa = PBXFileReference; lastKnownFileType = sourcecode.swift; path = "Data Model.swift"; sourceTree = "<group>"; };
		E9EB70DB2C3DBCB40086F6E5 /* DataController.swift */ = {isa = PBXFileReference; lastKnownFileType = sourcecode.swift; path = DataController.swift; sourceTree = "<group>"; };
		E9EB70E52C3DC69C0086F6E5 /* LocationManager.swift */ = {isa = PBXFileReference; lastKnownFileType = sourcecode.swift; path = LocationManager.swift; sourceTree = "<group>"; };
		E9EB71002C3E918A0086F6E5 /* FileType.swift */ = {isa = PBXFileReference; lastKnownFileType = sourcecode.swift; path = FileType.swift; sourceTree = "<group>"; };
		E9EB71022C3E91F00086F6E5 /* DocumentView.swift */ = {isa = PBXFileReference; lastKnownFileType = sourcecode.swift; path = DocumentView.swift; sourceTree = "<group>"; };
		EA95BFFD2C371FB100582FDC /* HomeScreen.swift */ = {isa = PBXFileReference; lastKnownFileType = sourcecode.swift; path = HomeScreen.swift; sourceTree = "<group>"; };
/* End PBXFileReference section */

/* Begin PBXFrameworksBuildPhase section */
		62530F5F2C33E6DF001B496B /* Frameworks */ = {
			isa = PBXFrameworksBuildPhase;
			buildActionMask = 2147483647;
			files = (
				E94E68D22C37F4CA00ED9F1C /* FirebaseDatabaseSwift in Frameworks */,
				E94E68D42C37F4CA00ED9F1C /* FirebaseStorage in Frameworks */,
				E94E68D02C37F4CA00ED9F1C /* FirebaseDatabase in Frameworks */,
				E94E68CE2C37F4CA00ED9F1C /* FirebaseAuth in Frameworks */,
				E9EB71062C3E93CC0086F6E5 /* Zip in Frameworks */,
			);
			runOnlyForDeploymentPostprocessing = 0;
		};
/* End PBXFrameworksBuildPhase section */

/* Begin PBXGroup section */
		62530F592C33E6DE001B496B = {
			isa = PBXGroup;
			children = (
				62530F642C33E6DF001B496B /* HMSPatient */,
				62530F632C33E6DF001B496B /* Products */,
			);
			sourceTree = "<group>";
		};
		62530F632C33E6DF001B496B /* Products */ = {
			isa = PBXGroup;
			children = (
				62530F622C33E6DF001B496B /* HMSPatient.app */,
			);
			name = Products;
			sourceTree = "<group>";
		};
		62530F642C33E6DF001B496B /* HMSPatient */ = {
			isa = PBXGroup;
			children = (
				E94E68D72C37F5DC00ED9F1C /* Info.plist */,
				E94E68CA2C37F42500ED9F1C /* GoogleService-Info.plist */,
				E94E68D52C37F55A00ED9F1C /* AppDelegate.swift */,
				62530F652C33E6DF001B496B /* HMSPatientApp.swift */,
				EA95BFFD2C371FB100582FDC /* HomeScreen.swift */,
				24A780F92C3F9B9C00C8F3B1 /* PrescriptionsView.swift */,
				24A780FB2C3FA8B000C8F3B1 /* PrescriptionDetailView.swift */,
				E9EB70D92C3DBC440086F6E5 /* Data Model.swift */,
				E9EB70DB2C3DBCB40086F6E5 /* DataController.swift */,
				81ACDCAE2C3FA7400097CAB6 /* Utils */,
				E9EB70E72C3DC6A20086F6E5 /* GPS */,
				E94E68C72C37F31300ED9F1C /* Profile */,
				E9EB70FD2C3E91640086F6E5 /* Record */,
				E94E68C62C37F2F600ED9F1C /* Authentication */,
				81ACDCAB2C3FA7400097CAB6 /* Book Appointment */,
				62530F6B2C33E6E2001B496B /* Preview Content */,
			);
			path = HMSPatient;
			sourceTree = "<group>";
		};
		62530F6B2C33E6E2001B496B /* Preview Content */ = {
			isa = PBXGroup;
			children = (
				62530F6C2C33E6E2001B496B /* Preview Assets.xcassets */,
				62530F692C33E6E2001B496B /* Assets.xcassets */,
			);
			path = "Preview Content";
			sourceTree = "<group>";
		};
		81ACDCAB2C3FA7400097CAB6 /* Book Appointment */ = {
			isa = PBXGroup;
			children = (
				81ACDCA72C3FA7400097CAB6 /* BookAppointment.swift */,
				81ACDCA82C3FA7400097CAB6 /* CalendarView.swift */,
				81ACDCA92C3FA7400097CAB6 /* DoctorPickerView.swift */,
				81ACDCAA2C3FA7400097CAB6 /* Summary.swift */,
			);
			path = "Book Appointment";
			sourceTree = "<group>";
		};
		81ACDCAE2C3FA7400097CAB6 /* Utils */ = {
			isa = PBXGroup;
			children = (
				81ACDCAC2C3FA7400097CAB6 /* Blur.swift */,
				81ACDCAD2C3FA7400097CAB6 /* Extensions.swift */,
			);
			path = Utils;
			sourceTree = "<group>";
		};
		E94E68C62C37F2F600ED9F1C /* Authentication */ = {
			isa = PBXGroup;
			children = (
				62530F672C33E6DF001B496B /* Authentication.swift */,
				E94E68C82C37F37800ED9F1C /* Authentication_Logic.swift */,
				244E8C6A2C36B89400812262 /* OtpScreen.swift */,
			);
			path = Authentication;
			sourceTree = "<group>";
		};
		E94E68C72C37F31300ED9F1C /* Profile */ = {
			isa = PBXGroup;
			children = (
				244E8C692C36B89400812262 /* ImagePicker.swift */,
				244E8C682C36B89400812262 /* Profile_Setup_View.swift */,
				802E5B222C40034E0039A184 /* PatientProfile.swift */,
			);
			path = Profile;
			sourceTree = "<group>";
		};
		E9EB70E72C3DC6A20086F6E5 /* GPS */ = {
			isa = PBXGroup;
			children = (
				E9EB70E52C3DC69C0086F6E5 /* LocationManager.swift */,
			);
			path = GPS;
			sourceTree = "<group>";
		};
		E9EB70FD2C3E91640086F6E5 /* Record */ = {
			isa = PBXGroup;
			children = (
				E9EB71022C3E91F00086F6E5 /* DocumentView.swift */,
				E9EB71002C3E918A0086F6E5 /* FileType.swift */,
				249FD5BA2C37EC4D008CC7F9 /* RecordsView.swift */,
			);
			path = Record;
			sourceTree = "<group>";
		};
/* End PBXGroup section */

/* Begin PBXNativeTarget section */
		62530F612C33E6DF001B496B /* HMSPatient */ = {
			isa = PBXNativeTarget;
			buildConfigurationList = 62530F702C33E6E2001B496B /* Build configuration list for PBXNativeTarget "HMSPatient" */;
			buildPhases = (
				62530F5E2C33E6DF001B496B /* Sources */,
				62530F5F2C33E6DF001B496B /* Frameworks */,
				62530F602C33E6DF001B496B /* Resources */,
			);
			buildRules = (
			);
			dependencies = (
			);
			name = HMSPatient;
			packageProductDependencies = (
				E94E68CD2C37F4CA00ED9F1C /* FirebaseAuth */,
				E94E68CF2C37F4CA00ED9F1C /* FirebaseDatabase */,
				E94E68D12C37F4CA00ED9F1C /* FirebaseDatabaseSwift */,
				E94E68D32C37F4CA00ED9F1C /* FirebaseStorage */,
				E9EB71052C3E93CC0086F6E5 /* Zip */,
			);
			productName = HMSPatient;
			productReference = 62530F622C33E6DF001B496B /* HMSPatient.app */;
			productType = "com.apple.product-type.application";
		};
/* End PBXNativeTarget section */

/* Begin PBXProject section */
		62530F5A2C33E6DE001B496B /* Project object */ = {
			isa = PBXProject;
			attributes = {
				BuildIndependentTargetsInParallel = 1;
				LastSwiftUpdateCheck = 1540;
				LastUpgradeCheck = 1540;
				TargetAttributes = {
					62530F612C33E6DF001B496B = {
						CreatedOnToolsVersion = 15.4;
					};
				};
			};
			buildConfigurationList = 62530F5D2C33E6DF001B496B /* Build configuration list for PBXProject "HMSPatient" */;
			compatibilityVersion = "Xcode 14.0";
			developmentRegion = en;
			hasScannedForEncodings = 0;
			knownRegions = (
				en,
				Base,
			);
			mainGroup = 62530F592C33E6DE001B496B;
			packageReferences = (
				E94E68CC2C37F4CA00ED9F1C /* XCRemoteSwiftPackageReference "firebase-ios-sdk" */,
				E9EB71042C3E93CC0086F6E5 /* XCRemoteSwiftPackageReference "Zip" */,
			);
			productRefGroup = 62530F632C33E6DF001B496B /* Products */;
			projectDirPath = "";
			projectRoot = "";
			targets = (
				62530F612C33E6DF001B496B /* HMSPatient */,
			);
		};
/* End PBXProject section */

/* Begin PBXResourcesBuildPhase section */
		62530F602C33E6DF001B496B /* Resources */ = {
			isa = PBXResourcesBuildPhase;
			buildActionMask = 2147483647;
			files = (
				62530F6D2C33E6E2001B496B /* Preview Assets.xcassets in Resources */,
				E94E68CB2C37F42500ED9F1C /* GoogleService-Info.plist in Resources */,
				62530F6A2C33E6E2001B496B /* Assets.xcassets in Resources */,
			);
			runOnlyForDeploymentPostprocessing = 0;
		};
/* End PBXResourcesBuildPhase section */

/* Begin PBXSourcesBuildPhase section */
		62530F5E2C33E6DF001B496B /* Sources */ = {
			isa = PBXSourcesBuildPhase;
			buildActionMask = 2147483647;
			files = (
				E94E68D62C37F55A00ED9F1C /* AppDelegate.swift in Sources */,
				E9EB70DC2C3DBCB40086F6E5 /* DataController.swift in Sources */,
				81ACDCB32C3FA7400097CAB6 /* Blur.swift in Sources */,
				24A780FA2C3F9B9C00C8F3B1 /* PrescriptionsView.swift in Sources */,
				244E8C6D2C36B89400812262 /* OtpScreen.swift in Sources */,
				81ACDCB12C3FA7400097CAB6 /* DoctorPickerView.swift in Sources */,
				81ACDCB02C3FA7400097CAB6 /* CalendarView.swift in Sources */,
				81ACDCB22C3FA7400097CAB6 /* Summary.swift in Sources */,
				249FD5BB2C37EC4D008CC7F9 /* RecordsView.swift in Sources */,
				E9EB71032C3E91F00086F6E5 /* DocumentView.swift in Sources */,
				24A780FC2C3FA8B000C8F3B1 /* PrescriptionDetailView.swift in Sources */,
				62530F682C33E6DF001B496B /* Authentication.swift in Sources */,
				62530F682C33E6DF001B496B /* Authentication.swift in Sources */,
				802E5B232C40034E0039A184 /* PatientProfile.swift in Sources */,
				E94E68C92C37F37800ED9F1C /* Authentication_Logic.swift in Sources */,
				E9EB71012C3E918A0086F6E5 /* FileType.swift in Sources */,
				81ACDCB42C3FA7400097CAB6 /* Extensions.swift in Sources */,
				EA95BFFE2C371FB100582FDC /* HomeScreen.swift in Sources */,
				81ACDCAF2C3FA7400097CAB6 /* BookAppointment.swift in Sources */,
				244E8C6C2C36B89400812262 /* ImagePicker.swift in Sources */,
				244E8C6B2C36B89400812262 /* Profile_Setup_View.swift in Sources */,
				62530F662C33E6DF001B496B /* HMSPatientApp.swift in Sources */,
				E9EB70DA2C3DBC440086F6E5 /* Data Model.swift in Sources */,
				E9EB70E62C3DC69C0086F6E5 /* LocationManager.swift in Sources */,
			);
			runOnlyForDeploymentPostprocessing = 0;
		};
/* End PBXSourcesBuildPhase section */

/* Begin XCBuildConfiguration section */
		62530F6E2C33E6E2001B496B /* Debug */ = {
			isa = XCBuildConfiguration;
			buildSettings = {
				ALWAYS_SEARCH_USER_PATHS = NO;
				ASSETCATALOG_COMPILER_GENERATE_SWIFT_ASSET_SYMBOL_EXTENSIONS = YES;
				CLANG_ANALYZER_NONNULL = YES;
				CLANG_ANALYZER_NUMBER_OBJECT_CONVERSION = YES_AGGRESSIVE;
				CLANG_CXX_LANGUAGE_STANDARD = "gnu++20";
				CLANG_ENABLE_MODULES = YES;
				CLANG_ENABLE_OBJC_ARC = YES;
				CLANG_ENABLE_OBJC_WEAK = YES;
				CLANG_WARN_BLOCK_CAPTURE_AUTORELEASING = YES;
				CLANG_WARN_BOOL_CONVERSION = YES;
				CLANG_WARN_COMMA = YES;
				CLANG_WARN_CONSTANT_CONVERSION = YES;
				CLANG_WARN_DEPRECATED_OBJC_IMPLEMENTATIONS = YES;
				CLANG_WARN_DIRECT_OBJC_ISA_USAGE = YES_ERROR;
				CLANG_WARN_DOCUMENTATION_COMMENTS = YES;
				CLANG_WARN_EMPTY_BODY = YES;
				CLANG_WARN_ENUM_CONVERSION = YES;
				CLANG_WARN_INFINITE_RECURSION = YES;
				CLANG_WARN_INT_CONVERSION = YES;
				CLANG_WARN_NON_LITERAL_NULL_CONVERSION = YES;
				CLANG_WARN_OBJC_IMPLICIT_RETAIN_SELF = YES;
				CLANG_WARN_OBJC_LITERAL_CONVERSION = YES;
				CLANG_WARN_OBJC_ROOT_CLASS = YES_ERROR;
				CLANG_WARN_QUOTED_INCLUDE_IN_FRAMEWORK_HEADER = YES;
				CLANG_WARN_RANGE_LOOP_ANALYSIS = YES;
				CLANG_WARN_STRICT_PROTOTYPES = YES;
				CLANG_WARN_SUSPICIOUS_MOVE = YES;
				CLANG_WARN_UNGUARDED_AVAILABILITY = YES_AGGRESSIVE;
				CLANG_WARN_UNREACHABLE_CODE = YES;
				CLANG_WARN__DUPLICATE_METHOD_MATCH = YES;
				COPY_PHASE_STRIP = NO;
				DEBUG_INFORMATION_FORMAT = dwarf;
				ENABLE_STRICT_OBJC_MSGSEND = YES;
				ENABLE_TESTABILITY = YES;
				ENABLE_USER_SCRIPT_SANDBOXING = YES;
				GCC_C_LANGUAGE_STANDARD = gnu17;
				GCC_DYNAMIC_NO_PIC = NO;
				GCC_NO_COMMON_BLOCKS = YES;
				GCC_OPTIMIZATION_LEVEL = 0;
				GCC_PREPROCESSOR_DEFINITIONS = (
					"DEBUG=1",
					"$(inherited)",
				);
				GCC_WARN_64_TO_32_BIT_CONVERSION = YES;
				GCC_WARN_ABOUT_RETURN_TYPE = YES_ERROR;
				GCC_WARN_UNDECLARED_SELECTOR = YES;
				GCC_WARN_UNINITIALIZED_AUTOS = YES_AGGRESSIVE;
				GCC_WARN_UNUSED_FUNCTION = YES;
				GCC_WARN_UNUSED_VARIABLE = YES;
				IPHONEOS_DEPLOYMENT_TARGET = 17.5;
				LOCALIZATION_PREFERS_STRING_CATALOGS = YES;
				MTL_ENABLE_DEBUG_INFO = INCLUDE_SOURCE;
				MTL_FAST_MATH = YES;
				ONLY_ACTIVE_ARCH = YES;
				SDKROOT = iphoneos;
				SWIFT_ACTIVE_COMPILATION_CONDITIONS = "DEBUG $(inherited)";
				SWIFT_OPTIMIZATION_LEVEL = "-Onone";
			};
			name = Debug;
		};
		62530F6F2C33E6E2001B496B /* Release */ = {
			isa = XCBuildConfiguration;
			buildSettings = {
				ALWAYS_SEARCH_USER_PATHS = NO;
				ASSETCATALOG_COMPILER_GENERATE_SWIFT_ASSET_SYMBOL_EXTENSIONS = YES;
				CLANG_ANALYZER_NONNULL = YES;
				CLANG_ANALYZER_NUMBER_OBJECT_CONVERSION = YES_AGGRESSIVE;
				CLANG_CXX_LANGUAGE_STANDARD = "gnu++20";
				CLANG_ENABLE_MODULES = YES;
				CLANG_ENABLE_OBJC_ARC = YES;
				CLANG_ENABLE_OBJC_WEAK = YES;
				CLANG_WARN_BLOCK_CAPTURE_AUTORELEASING = YES;
				CLANG_WARN_BOOL_CONVERSION = YES;
				CLANG_WARN_COMMA = YES;
				CLANG_WARN_CONSTANT_CONVERSION = YES;
				CLANG_WARN_DEPRECATED_OBJC_IMPLEMENTATIONS = YES;
				CLANG_WARN_DIRECT_OBJC_ISA_USAGE = YES_ERROR;
				CLANG_WARN_DOCUMENTATION_COMMENTS = YES;
				CLANG_WARN_EMPTY_BODY = YES;
				CLANG_WARN_ENUM_CONVERSION = YES;
				CLANG_WARN_INFINITE_RECURSION = YES;
				CLANG_WARN_INT_CONVERSION = YES;
				CLANG_WARN_NON_LITERAL_NULL_CONVERSION = YES;
				CLANG_WARN_OBJC_IMPLICIT_RETAIN_SELF = YES;
				CLANG_WARN_OBJC_LITERAL_CONVERSION = YES;
				CLANG_WARN_OBJC_ROOT_CLASS = YES_ERROR;
				CLANG_WARN_QUOTED_INCLUDE_IN_FRAMEWORK_HEADER = YES;
				CLANG_WARN_RANGE_LOOP_ANALYSIS = YES;
				CLANG_WARN_STRICT_PROTOTYPES = YES;
				CLANG_WARN_SUSPICIOUS_MOVE = YES;
				CLANG_WARN_UNGUARDED_AVAILABILITY = YES_AGGRESSIVE;
				CLANG_WARN_UNREACHABLE_CODE = YES;
				CLANG_WARN__DUPLICATE_METHOD_MATCH = YES;
				COPY_PHASE_STRIP = NO;
				DEBUG_INFORMATION_FORMAT = "dwarf-with-dsym";
				ENABLE_NS_ASSERTIONS = NO;
				ENABLE_STRICT_OBJC_MSGSEND = YES;
				ENABLE_USER_SCRIPT_SANDBOXING = YES;
				GCC_C_LANGUAGE_STANDARD = gnu17;
				GCC_NO_COMMON_BLOCKS = YES;
				GCC_WARN_64_TO_32_BIT_CONVERSION = YES;
				GCC_WARN_ABOUT_RETURN_TYPE = YES_ERROR;
				GCC_WARN_UNDECLARED_SELECTOR = YES;
				GCC_WARN_UNINITIALIZED_AUTOS = YES_AGGRESSIVE;
				GCC_WARN_UNUSED_FUNCTION = YES;
				GCC_WARN_UNUSED_VARIABLE = YES;
				IPHONEOS_DEPLOYMENT_TARGET = 17.5;
				LOCALIZATION_PREFERS_STRING_CATALOGS = YES;
				MTL_ENABLE_DEBUG_INFO = NO;
				MTL_FAST_MATH = YES;
				SDKROOT = iphoneos;
				SWIFT_COMPILATION_MODE = wholemodule;
				VALIDATE_PRODUCT = YES;
			};
			name = Release;
		};
		62530F712C33E6E2001B496B /* Debug */ = {
			isa = XCBuildConfiguration;
			buildSettings = {
				ASSETCATALOG_COMPILER_APPICON_NAME = AppIcon;
				ASSETCATALOG_COMPILER_GLOBAL_ACCENT_COLOR_NAME = AccentColor;
				CODE_SIGN_STYLE = Automatic;
				CURRENT_PROJECT_VERSION = 1;
				DEVELOPMENT_ASSET_PATHS = "\"HMSPatient/Preview Content\"";
				DEVELOPMENT_TEAM = 79QVMTMTHS;
				ENABLE_PREVIEWS = YES;
				GENERATE_INFOPLIST_FILE = YES;
				INFOPLIST_FILE = HMSPatient/Info.plist;
				INFOPLIST_KEY_CFBundleDisplayName = "HMS Paitent";
				INFOPLIST_KEY_NSLocationAlwaysUsageDescription = "We need your location to show the nearest hospitals even when the app is in the background.";
				INFOPLIST_KEY_NSLocationWhenInUseUsageDescription = "We need your location to show the nearest hospitals.";
				INFOPLIST_KEY_UIApplicationSceneManifest_Generation = YES;
				INFOPLIST_KEY_UIApplicationSupportsIndirectInputEvents = YES;
				INFOPLIST_KEY_UILaunchScreen_Generation = YES;
				INFOPLIST_KEY_UILaunchStoryboardName = LaunchScreen;
				INFOPLIST_KEY_UIRequiredDeviceCapabilities = armv7;
				INFOPLIST_KEY_UISupportedInterfaceOrientations = "UIInterfaceOrientationPortrait UIInterfaceOrientationLandscapeLeft UIInterfaceOrientationLandscapeRight";
				INFOPLIST_KEY_UISupportedInterfaceOrientations_iPad = "UIInterfaceOrientationPortrait UIInterfaceOrientationPortraitUpsideDown UIInterfaceOrientationLandscapeLeft UIInterfaceOrientationLandscapeRight";
				INFOPLIST_KEY_UISupportedInterfaceOrientations_iPhone = "UIInterfaceOrientationPortrait UIInterfaceOrientationLandscapeLeft UIInterfaceOrientationLandscapeRight";
				LD_RUNPATH_SEARCH_PATHS = (
					"$(inherited)",
					"@executable_path/Frameworks",
				);
				MARKETING_VERSION = 1.0;
				PRODUCT_BUNDLE_IDENTIFIER = "team02.HMS-Patienttttt";
				PRODUCT_NAME = "$(TARGET_NAME)";
				SWIFT_EMIT_LOC_STRINGS = YES;
				SWIFT_VERSION = 5.0;
				TARGETED_DEVICE_FAMILY = "1,2";
			};
			name = Debug;
		};
		62530F722C33E6E2001B496B /* Release */ = {
			isa = XCBuildConfiguration;
			buildSettings = {
				ASSETCATALOG_COMPILER_APPICON_NAME = AppIcon;
				ASSETCATALOG_COMPILER_GLOBAL_ACCENT_COLOR_NAME = AccentColor;
				CODE_SIGN_STYLE = Automatic;
				CURRENT_PROJECT_VERSION = 1;
				DEVELOPMENT_ASSET_PATHS = "\"HMSPatient/Preview Content\"";
				DEVELOPMENT_TEAM = 79QVMTMTHS;
				ENABLE_PREVIEWS = YES;
				GENERATE_INFOPLIST_FILE = YES;
				INFOPLIST_FILE = HMSPatient/Info.plist;
				INFOPLIST_KEY_CFBundleDisplayName = "HMS Paitent";
				INFOPLIST_KEY_NSLocationAlwaysUsageDescription = "We need your location to show the nearest hospitals even when the app is in the background.";
				INFOPLIST_KEY_NSLocationWhenInUseUsageDescription = "We need your location to show the nearest hospitals.";
				INFOPLIST_KEY_UIApplicationSceneManifest_Generation = YES;
				INFOPLIST_KEY_UIApplicationSupportsIndirectInputEvents = YES;
				INFOPLIST_KEY_UILaunchScreen_Generation = YES;
				INFOPLIST_KEY_UILaunchStoryboardName = LaunchScreen;
				INFOPLIST_KEY_UIRequiredDeviceCapabilities = armv7;
				INFOPLIST_KEY_UISupportedInterfaceOrientations = "UIInterfaceOrientationPortrait UIInterfaceOrientationLandscapeLeft UIInterfaceOrientationLandscapeRight";
				INFOPLIST_KEY_UISupportedInterfaceOrientations_iPad = "UIInterfaceOrientationPortrait UIInterfaceOrientationPortraitUpsideDown UIInterfaceOrientationLandscapeLeft UIInterfaceOrientationLandscapeRight";
				INFOPLIST_KEY_UISupportedInterfaceOrientations_iPhone = "UIInterfaceOrientationPortrait UIInterfaceOrientationLandscapeLeft UIInterfaceOrientationLandscapeRight";
				LD_RUNPATH_SEARCH_PATHS = (
					"$(inherited)",
					"@executable_path/Frameworks",
				);
				MARKETING_VERSION = 1.0;
				PRODUCT_BUNDLE_IDENTIFIER = "team02.HMS-Patienttttt";
				PRODUCT_NAME = "$(TARGET_NAME)";
				SWIFT_EMIT_LOC_STRINGS = YES;
				SWIFT_VERSION = 5.0;
				TARGETED_DEVICE_FAMILY = "1,2";
			};
			name = Release;
		};
/* End XCBuildConfiguration section */

/* Begin XCConfigurationList section */
		62530F5D2C33E6DF001B496B /* Build configuration list for PBXProject "HMSPatient" */ = {
			isa = XCConfigurationList;
			buildConfigurations = (
				62530F6E2C33E6E2001B496B /* Debug */,
				62530F6F2C33E6E2001B496B /* Release */,
			);
			defaultConfigurationIsVisible = 0;
			defaultConfigurationName = Release;
		};
		62530F702C33E6E2001B496B /* Build configuration list for PBXNativeTarget "HMSPatient" */ = {
			isa = XCConfigurationList;
			buildConfigurations = (
				62530F712C33E6E2001B496B /* Debug */,
				62530F722C33E6E2001B496B /* Release */,
			);
			defaultConfigurationIsVisible = 0;
			defaultConfigurationName = Release;
		};
/* End XCConfigurationList section */

/* Begin XCRemoteSwiftPackageReference section */
		E94E68CC2C37F4CA00ED9F1C /* XCRemoteSwiftPackageReference "firebase-ios-sdk" */ = {
			isa = XCRemoteSwiftPackageReference;
			repositoryURL = "https://github.com/firebase/firebase-ios-sdk";
			requirement = {
				kind = upToNextMajorVersion;
				minimumVersion = 10.28.1;
			};
		};
		E9EB71042C3E93CC0086F6E5 /* XCRemoteSwiftPackageReference "Zip" */ = {
			isa = XCRemoteSwiftPackageReference;
			repositoryURL = "https://github.com/marmelroy/Zip.git";
			requirement = {
				kind = upToNextMajorVersion;
				minimumVersion = 2.1.2;
			};
		};
/* End XCRemoteSwiftPackageReference section */

/* Begin XCSwiftPackageProductDependency section */
		E94E68CD2C37F4CA00ED9F1C /* FirebaseAuth */ = {
			isa = XCSwiftPackageProductDependency;
			package = E94E68CC2C37F4CA00ED9F1C /* XCRemoteSwiftPackageReference "firebase-ios-sdk" */;
			productName = FirebaseAuth;
		};
		E94E68CF2C37F4CA00ED9F1C /* FirebaseDatabase */ = {
			isa = XCSwiftPackageProductDependency;
			package = E94E68CC2C37F4CA00ED9F1C /* XCRemoteSwiftPackageReference "firebase-ios-sdk" */;
			productName = FirebaseDatabase;
		};
		E94E68D12C37F4CA00ED9F1C /* FirebaseDatabaseSwift */ = {
			isa = XCSwiftPackageProductDependency;
			package = E94E68CC2C37F4CA00ED9F1C /* XCRemoteSwiftPackageReference "firebase-ios-sdk" */;
			productName = FirebaseDatabaseSwift;
		};
		E94E68D32C37F4CA00ED9F1C /* FirebaseStorage */ = {
			isa = XCSwiftPackageProductDependency;
			package = E94E68CC2C37F4CA00ED9F1C /* XCRemoteSwiftPackageReference "firebase-ios-sdk" */;
			productName = FirebaseStorage;
		};
		E9EB71052C3E93CC0086F6E5 /* Zip */ = {
			isa = XCSwiftPackageProductDependency;
			package = E9EB71042C3E93CC0086F6E5 /* XCRemoteSwiftPackageReference "Zip" */;
			productName = Zip;
		};
/* End XCSwiftPackageProductDependency section */
	};
	rootObject = 62530F5A2C33E6DE001B496B /* Project object */;
}
